// !$*UTF8*$!
{
	archiveVersion = 1;
	classes = {
	};
	objectVersion = 46;
	objects = {

/* Begin PBXBuildFile section */
		076F02B2197FC8BB008F575C /* AudioToolbox.framework in Frameworks */ = {isa = PBXBuildFile; fileRef = 076F02B1197FC8BB008F575C /* AudioToolbox.framework */; };
		07B112F61963B58C00E4E80C /* SystemConfiguration.framework in Frameworks */ = {isa = PBXBuildFile; fileRef = 07B112F51963B58C00E4E80C /* SystemConfiguration.framework */; };
		07B112FE1963B7AA00E4E80C /* libc++.dylib in Frameworks */ = {isa = PBXBuildFile; fileRef = 07B112FD1963B7AA00E4E80C /* libc++.dylib */; };
		2019E8051C34DE8200B281E3 /* libz.tbd in Frameworks */ = {isa = PBXBuildFile; fileRef = 2019E8041C34DE8200B281E3 /* libz.tbd */; };
		202CC9711C0C8367003310C1 /* AgoraAudioKit.framework in Frameworks */ = {isa = PBXBuildFile; fileRef = 202CC9701C0C8367003310C1 /* AgoraAudioKit.framework */; };
		A4FB05BA19448E4C00192816 /* Foundation.framework in Frameworks */ = {isa = PBXBuildFile; fileRef = A4FB05B919448E4C00192816 /* Foundation.framework */; };
		A4FB05BC19448E4C00192816 /* CoreGraphics.framework in Frameworks */ = {isa = PBXBuildFile; fileRef = A4FB05BB19448E4C00192816 /* CoreGraphics.framework */; };
		A4FB05BE19448E4C00192816 /* UIKit.framework in Frameworks */ = {isa = PBXBuildFile; fileRef = A4FB05BD19448E4C00192816 /* UIKit.framework */; };
		A4FB05C419448E4C00192816 /* InfoPlist.strings in Resources */ = {isa = PBXBuildFile; fileRef = A4FB05C219448E4C00192816 /* InfoPlist.strings */; };
		A4FB05C619448E4C00192816 /* main.m in Sources */ = {isa = PBXBuildFile; fileRef = A4FB05C519448E4C00192816 /* main.m */; };
		A4FB05CD19448E4C00192816 /* Main_iPhone.storyboard in Resources */ = {isa = PBXBuildFile; fileRef = A4FB05CB19448E4C00192816 /* Main_iPhone.storyboard */; };
		A4FB05D319448E4C00192816 /* ViewController.m in Sources */ = {isa = PBXBuildFile; fileRef = A4FB05D219448E4C00192816 /* ViewController.m */; };
		A4FB05D519448E4C00192816 /* Images.xcassets in Resources */ = {isa = PBXBuildFile; fileRef = A4FB05D419448E4C00192816 /* Images.xcassets */; };
		A4FB06291944C1EE00192816 /* AppDelegate.m in Sources */ = {isa = PBXBuildFile; fileRef = A4FB05C919448E4C00192816 /* AppDelegate.m */; };
		B6BA5EFC1A1215C400C1122F /* CoreTelephony.framework in Frameworks */ = {isa = PBXBuildFile; fileRef = B6BA5EFB1A1215C400C1122F /* CoreTelephony.framework */; };
		B6BA5EFF1A1216FE00C1122F /* AVFoundation.framework in Frameworks */ = {isa = PBXBuildFile; fileRef = B6BA5EFD1A1215DF00C1122F /* AVFoundation.framework */; };
		B6D0A4E41B0A27B6006DB2F1 /* CoreMotion.framework in Frameworks */ = {isa = PBXBuildFile; fileRef = B6D0A4E31B0A27B6006DB2F1 /* CoreMotion.framework */; };
		B6D0A4E61B0A2850006DB2F1 /* CoreMedia.framework in Frameworks */ = {isa = PBXBuildFile; fileRef = B6D0A4E51B0A2850006DB2F1 /* CoreMedia.framework */; };
/* End PBXBuildFile section */

/* Begin PBXFileReference section */
		076F02B1197FC8BB008F575C /* AudioToolbox.framework */ = {isa = PBXFileReference; lastKnownFileType = wrapper.framework; name = AudioToolbox.framework; path = System/Library/Frameworks/AudioToolbox.framework; sourceTree = SDKROOT; };
		07861AD6198742C000730A8F /* libicucore.dylib */ = {isa = PBXFileReference; lastKnownFileType = "compiled.mach-o.dylib"; name = libicucore.dylib; path = usr/lib/libicucore.dylib; sourceTree = SDKROOT; };
		07B112F51963B58C00E4E80C /* SystemConfiguration.framework */ = {isa = PBXFileReference; lastKnownFileType = wrapper.framework; name = SystemConfiguration.framework; path = System/Library/Frameworks/SystemConfiguration.framework; sourceTree = SDKROOT; };
		07B112FD1963B7AA00E4E80C /* libc++.dylib */ = {isa = PBXFileReference; lastKnownFileType = "compiled.mach-o.dylib"; name = "libc++.dylib"; path = "usr/lib/libc++.dylib"; sourceTree = SDKROOT; };
		2019E8021C34DDD100B281E3 /* libCrasheye.a */ = {isa = PBXFileReference; lastKnownFileType = archive.ar; name = libCrasheye.a; path = Crasheye/libCrasheye.a; sourceTree = "<group>"; };
		2019E8041C34DE8200B281E3 /* libz.tbd */ = {isa = PBXFileReference; lastKnownFileType = "sourcecode.text-based-dylib-definition"; name = libz.tbd; path = usr/lib/libz.tbd; sourceTree = SDKROOT; };
		202CC9701C0C8367003310C1 /* AgoraAudioKit.framework */ = {isa = PBXFileReference; lastKnownFileType = wrapper.framework; path = AgoraAudioKit.framework; sourceTree = "<group>"; };
		A4FB05B619448E4C00192816 /* sample.app */ = {isa = PBXFileReference; explicitFileType = wrapper.application; includeInIndex = 0; path = sample.app; sourceTree = BUILT_PRODUCTS_DIR; };
		A4FB05B919448E4C00192816 /* Foundation.framework */ = {isa = PBXFileReference; lastKnownFileType = wrapper.framework; name = Foundation.framework; path = System/Library/Frameworks/Foundation.framework; sourceTree = SDKROOT; };
		A4FB05BB19448E4C00192816 /* CoreGraphics.framework */ = {isa = PBXFileReference; lastKnownFileType = wrapper.framework; name = CoreGraphics.framework; path = System/Library/Frameworks/CoreGraphics.framework; sourceTree = SDKROOT; };
		A4FB05BD19448E4C00192816 /* UIKit.framework */ = {isa = PBXFileReference; lastKnownFileType = wrapper.framework; name = UIKit.framework; path = System/Library/Frameworks/UIKit.framework; sourceTree = SDKROOT; };
		A4FB05C119448E4C00192816 /* sample-Info.plist */ = {isa = PBXFileReference; lastKnownFileType = text.plist.xml; path = "sample-Info.plist"; sourceTree = "<group>"; };
		A4FB05C319448E4C00192816 /* en */ = {isa = PBXFileReference; lastKnownFileType = text.plist.strings; name = en; path = en.lproj/InfoPlist.strings; sourceTree = "<group>"; };
		A4FB05C519448E4C00192816 /* main.m */ = {isa = PBXFileReference; lastKnownFileType = sourcecode.c.objc; path = main.m; sourceTree = "<group>"; };
		A4FB05C719448E4C00192816 /* sample-Prefix.pch */ = {isa = PBXFileReference; lastKnownFileType = sourcecode.c.h; path = "sample-Prefix.pch"; sourceTree = "<group>"; };
		A4FB05C819448E4C00192816 /* AppDelegate.h */ = {isa = PBXFileReference; lastKnownFileType = sourcecode.c.h; path = AppDelegate.h; sourceTree = "<group>"; };
		A4FB05C919448E4C00192816 /* AppDelegate.m */ = {isa = PBXFileReference; lastKnownFileType = sourcecode.c.objc; path = AppDelegate.m; sourceTree = "<group>"; };
		A4FB05CC19448E4C00192816 /* Base */ = {isa = PBXFileReference; lastKnownFileType = file.storyboard; name = Base; path = Base.lproj/Main_iPhone.storyboard; sourceTree = "<group>"; };
		A4FB05D119448E4C00192816 /* ViewController.h */ = {isa = PBXFileReference; lastKnownFileType = sourcecode.c.h; path = ViewController.h; sourceTree = "<group>"; };
		A4FB05D219448E4C00192816 /* ViewController.m */ = {isa = PBXFileReference; lastKnownFileType = sourcecode.c.objc; path = ViewController.m; sourceTree = "<group>"; };
		A4FB05D419448E4C00192816 /* Images.xcassets */ = {isa = PBXFileReference; lastKnownFileType = folder.assetcatalog; path = Images.xcassets; sourceTree = "<group>"; };
		A4FB05DB19448E4C00192816 /* XCTest.framework */ = {isa = PBXFileReference; lastKnownFileType = wrapper.framework; name = XCTest.framework; path = Library/Frameworks/XCTest.framework; sourceTree = DEVELOPER_DIR; };
		B6BA5EFB1A1215C400C1122F /* CoreTelephony.framework */ = {isa = PBXFileReference; lastKnownFileType = wrapper.framework; name = CoreTelephony.framework; path = System/Library/Frameworks/CoreTelephony.framework; sourceTree = SDKROOT; };
		B6BA5EFD1A1215DF00C1122F /* AVFoundation.framework */ = {isa = PBXFileReference; lastKnownFileType = wrapper.framework; name = AVFoundation.framework; path = System/Library/Frameworks/AVFoundation.framework; sourceTree = SDKROOT; };
		B6D0A4E31B0A27B6006DB2F1 /* CoreMotion.framework */ = {isa = PBXFileReference; lastKnownFileType = wrapper.framework; name = CoreMotion.framework; path = System/Library/Frameworks/CoreMotion.framework; sourceTree = SDKROOT; };
		B6D0A4E51B0A2850006DB2F1 /* CoreMedia.framework */ = {isa = PBXFileReference; lastKnownFileType = wrapper.framework; name = CoreMedia.framework; path = System/Library/Frameworks/CoreMedia.framework; sourceTree = SDKROOT; };
/* End PBXFileReference section */

/* Begin PBXFrameworksBuildPhase section */
		A4FB05B319448E4C00192816 /* Frameworks */ = {
			isa = PBXFrameworksBuildPhase;
			buildActionMask = 2147483647;
			files = (
				2019E8051C34DE8200B281E3 /* libz.tbd in Frameworks */,
				202CC9711C0C8367003310C1 /* AgoraAudioKit.framework in Frameworks */,
				B6D0A4E61B0A2850006DB2F1 /* CoreMedia.framework in Frameworks */,
				B6D0A4E41B0A27B6006DB2F1 /* CoreMotion.framework in Frameworks */,
				B6BA5EFF1A1216FE00C1122F /* AVFoundation.framework in Frameworks */,
				B6BA5EFC1A1215C400C1122F /* CoreTelephony.framework in Frameworks */,
				076F02B2197FC8BB008F575C /* AudioToolbox.framework in Frameworks */,
				07B112FE1963B7AA00E4E80C /* libc++.dylib in Frameworks */,
				07B112F61963B58C00E4E80C /* SystemConfiguration.framework in Frameworks */,
				A4FB05BC19448E4C00192816 /* CoreGraphics.framework in Frameworks */,
				A4FB05BE19448E4C00192816 /* UIKit.framework in Frameworks */,
				A4FB05BA19448E4C00192816 /* Foundation.framework in Frameworks */,
			);
			runOnlyForDeploymentPostprocessing = 0;
		};
/* End PBXFrameworksBuildPhase section */

/* Begin PBXGroup section */
		A4FB05AD19448E4C00192816 = {
			isa = PBXGroup;
			children = (
				A4FB05BF19448E4C00192816 /* sample */,
				A4FB05B819448E4C00192816 /* Frameworks */,
				A4FB05B719448E4C00192816 /* Products */,
			);
			sourceTree = "<group>";
		};
		A4FB05B719448E4C00192816 /* Products */ = {
			isa = PBXGroup;
			children = (
				A4FB05B619448E4C00192816 /* sample.app */,
			);
			name = Products;
			sourceTree = "<group>";
		};
		A4FB05B819448E4C00192816 /* Frameworks */ = {
			isa = PBXGroup;
			children = (
				2019E8041C34DE8200B281E3 /* libz.tbd */,
				2019E8021C34DDD100B281E3 /* libCrasheye.a */,
				202CC9701C0C8367003310C1 /* AgoraAudioKit.framework */,
				B6D0A4E51B0A2850006DB2F1 /* CoreMedia.framework */,
				B6D0A4E31B0A27B6006DB2F1 /* CoreMotion.framework */,
				B6BA5EFD1A1215DF00C1122F /* AVFoundation.framework */,
				B6BA5EFB1A1215C400C1122F /* CoreTelephony.framework */,
				07861AD6198742C000730A8F /* libicucore.dylib */,
				076F02B1197FC8BB008F575C /* AudioToolbox.framework */,
				07B112FD1963B7AA00E4E80C /* libc++.dylib */,
				07B112F51963B58C00E4E80C /* SystemConfiguration.framework */,
				A4FB05B919448E4C00192816 /* Foundation.framework */,
				A4FB05BB19448E4C00192816 /* CoreGraphics.framework */,
				A4FB05BD19448E4C00192816 /* UIKit.framework */,
				A4FB05DB19448E4C00192816 /* XCTest.framework */,
			);
			name = Frameworks;
			sourceTree = "<group>";
		};
		A4FB05BF19448E4C00192816 /* sample */ = {
			isa = PBXGroup;
			children = (
				A4FB05CB19448E4C00192816 /* Main_iPhone.storyboard */,
				A4FB05D119448E4C00192816 /* ViewController.h */,
				A4FB05D219448E4C00192816 /* ViewController.m */,
				A4FB05D419448E4C00192816 /* Images.xcassets */,
				A4FB05C019448E4C00192816 /* Supporting Files */,
			);
			path = sample;
			sourceTree = "<group>";
		};
		A4FB05C019448E4C00192816 /* Supporting Files */ = {
			isa = PBXGroup;
			children = (
				A4FB05C819448E4C00192816 /* AppDelegate.h */,
				A4FB05C919448E4C00192816 /* AppDelegate.m */,
				A4FB05C119448E4C00192816 /* sample-Info.plist */,
				A4FB05C219448E4C00192816 /* InfoPlist.strings */,
				A4FB05C519448E4C00192816 /* main.m */,
				A4FB05C719448E4C00192816 /* sample-Prefix.pch */,
			);
			name = "Supporting Files";
			sourceTree = "<group>";
		};
/* End PBXGroup section */

/* Begin PBXNativeTarget section */
		A4FB05B519448E4C00192816 /* sample */ = {
			isa = PBXNativeTarget;
			buildConfigurationList = A4FB05EB19448E4C00192816 /* Build configuration list for PBXNativeTarget "sample" */;
			buildPhases = (
				A4FB05B219448E4C00192816 /* Sources */,
				A4FB05B319448E4C00192816 /* Frameworks */,
				A4FB05B419448E4C00192816 /* Resources */,
			);
			buildRules = (
			);
			dependencies = (
			);
			name = sample;
			productName = sample;
			productReference = A4FB05B619448E4C00192816 /* sample.app */;
			productType = "com.apple.product-type.application";
		};
/* End PBXNativeTarget section */

/* Begin PBXProject section */
		A4FB05AE19448E4C00192816 /* Project object */ = {
			isa = PBXProject;
			attributes = {
				LastUpgradeCheck = 0700;
				ORGANIZATIONNAME = kele;
				TargetAttributes = {
					A4FB05B519448E4C00192816 = {
						SystemCapabilities = {
							com.apple.BackgroundModes = {
								enabled = 1;
							};
						};
					};
				};
			};
			buildConfigurationList = A4FB05B119448E4C00192816 /* Build configuration list for PBXProject "sample" */;
			compatibilityVersion = "Xcode 3.2";
			developmentRegion = English;
			hasScannedForEncodings = 0;
			knownRegions = (
				en,
				Base,
			);
			mainGroup = A4FB05AD19448E4C00192816;
			productRefGroup = A4FB05B719448E4C00192816 /* Products */;
			projectDirPath = "";
			projectRoot = "";
			targets = (
				A4FB05B519448E4C00192816 /* sample */,
			);
		};
/* End PBXProject section */

/* Begin PBXResourcesBuildPhase section */
		A4FB05B419448E4C00192816 /* Resources */ = {
			isa = PBXResourcesBuildPhase;
			buildActionMask = 2147483647;
			files = (
				A4FB05D519448E4C00192816 /* Images.xcassets in Resources */,
				A4FB05CD19448E4C00192816 /* Main_iPhone.storyboard in Resources */,
				A4FB05C419448E4C00192816 /* InfoPlist.strings in Resources */,
			);
			runOnlyForDeploymentPostprocessing = 0;
		};
/* End PBXResourcesBuildPhase section */

/* Begin PBXSourcesBuildPhase section */
		A4FB05B219448E4C00192816 /* Sources */ = {
			isa = PBXSourcesBuildPhase;
			buildActionMask = 2147483647;
			files = (
				A4FB06291944C1EE00192816 /* AppDelegate.m in Sources */,
				A4FB05D319448E4C00192816 /* ViewController.m in Sources */,
				A4FB05C619448E4C00192816 /* main.m in Sources */,
			);
			runOnlyForDeploymentPostprocessing = 0;
		};
/* End PBXSourcesBuildPhase section */

/* Begin PBXVariantGroup section */
		A4FB05C219448E4C00192816 /* InfoPlist.strings */ = {
			isa = PBXVariantGroup;
			children = (
				A4FB05C319448E4C00192816 /* en */,
			);
			name = InfoPlist.strings;
			sourceTree = "<group>";
		};
		A4FB05CB19448E4C00192816 /* Main_iPhone.storyboard */ = {
			isa = PBXVariantGroup;
			children = (
				A4FB05CC19448E4C00192816 /* Base */,
			);
			name = Main_iPhone.storyboard;
			sourceTree = "<group>";
		};
/* End PBXVariantGroup section */

/* Begin XCBuildConfiguration section */
		A4FB05E919448E4C00192816 /* Debug */ = {
			isa = XCBuildConfiguration;
			buildSettings = {
				ALWAYS_SEARCH_USER_PATHS = NO;
				CLANG_CXX_LANGUAGE_STANDARD = "c++0x";
				CLANG_CXX_LIBRARY = "libc++";
				CLANG_ENABLE_MODULES = YES;
				CLANG_ENABLE_OBJC_ARC = YES;
				CLANG_WARN_BOOL_CONVERSION = YES;
				CLANG_WARN_CONSTANT_CONVERSION = YES;
				CLANG_WARN_DIRECT_OBJC_ISA_USAGE = YES_ERROR;
				CLANG_WARN_EMPTY_BODY = YES;
				CLANG_WARN_ENUM_CONVERSION = YES;
				CLANG_WARN_INT_CONVERSION = YES;
				CLANG_WARN_OBJC_ROOT_CLASS = YES_ERROR;
				CLANG_WARN__DUPLICATE_METHOD_MATCH = YES;
				CODE_SIGN_IDENTITY = "iPhone Developer: Siming Tao (F3772JR6F6)";
				"CODE_SIGN_IDENTITY[sdk=iphoneos*]" = "";
				COPY_PHASE_STRIP = NO;
				ENABLE_TESTABILITY = YES;
				GCC_C_LANGUAGE_STANDARD = gnu99;
				GCC_DYNAMIC_NO_PIC = NO;
				GCC_ENABLE_CPP_EXCEPTIONS = NO;
				GCC_ENABLE_CPP_RTTI = NO;
				GCC_OPTIMIZATION_LEVEL = 0;
				GCC_PREPROCESSOR_DEFINITIONS = (
					"DEBUG=1",
					"$(inherited)",
				);
				GCC_SYMBOLS_PRIVATE_EXTERN = NO;
				GCC_WARN_64_TO_32_BIT_CONVERSION = YES;
				GCC_WARN_ABOUT_RETURN_TYPE = YES_ERROR;
				GCC_WARN_UNDECLARED_SELECTOR = YES;
				GCC_WARN_UNINITIALIZED_AUTOS = YES;
				GCC_WARN_UNUSED_FUNCTION = YES;
				GCC_WARN_UNUSED_VARIABLE = YES;
				IPHONEOS_DEPLOYMENT_TARGET = 6.0;
				ONLY_ACTIVE_ARCH = YES;
				PROVISIONING_PROFILE = "46110001-0c69-4aa1-a7a3-0d065fb3268b";
				SDKROOT = iphoneos;
				TARGETED_DEVICE_FAMILY = 1;
			};
			name = Debug;
		};
		A4FB05EA19448E4C00192816 /* Release */ = {
			isa = XCBuildConfiguration;
			buildSettings = {
				ALWAYS_SEARCH_USER_PATHS = NO;
				CLANG_CXX_LANGUAGE_STANDARD = "c++0x";
				CLANG_CXX_LIBRARY = "libc++";
				CLANG_ENABLE_MODULES = YES;
				CLANG_ENABLE_OBJC_ARC = YES;
				CLANG_WARN_BOOL_CONVERSION = YES;
				CLANG_WARN_CONSTANT_CONVERSION = YES;
				CLANG_WARN_DIRECT_OBJC_ISA_USAGE = YES_ERROR;
				CLANG_WARN_EMPTY_BODY = YES;
				CLANG_WARN_ENUM_CONVERSION = YES;
				CLANG_WARN_INT_CONVERSION = YES;
				CLANG_WARN_OBJC_ROOT_CLASS = YES_ERROR;
				CLANG_WARN__DUPLICATE_METHOD_MATCH = YES;
				CODE_SIGN_IDENTITY = "iPhone Developer: Siming Tao (F3772JR6F6)";
				"CODE_SIGN_IDENTITY[sdk=iphoneos*]" = "";
				COPY_PHASE_STRIP = YES;
				ENABLE_NS_ASSERTIONS = NO;
				GCC_C_LANGUAGE_STANDARD = gnu99;
				GCC_ENABLE_CPP_EXCEPTIONS = NO;
				GCC_ENABLE_CPP_RTTI = NO;
				GCC_WARN_64_TO_32_BIT_CONVERSION = YES;
				GCC_WARN_ABOUT_RETURN_TYPE = YES_ERROR;
				GCC_WARN_UNDECLARED_SELECTOR = YES;
				GCC_WARN_UNINITIALIZED_AUTOS = YES;
				GCC_WARN_UNUSED_FUNCTION = YES;
				GCC_WARN_UNUSED_VARIABLE = YES;
				IPHONEOS_DEPLOYMENT_TARGET = 6.0;
				ONLY_ACTIVE_ARCH = YES;
				PROVISIONING_PROFILE = "46110001-0c69-4aa1-a7a3-0d065fb3268b";
				SDKROOT = iphoneos;
				TARGETED_DEVICE_FAMILY = 1;
				VALIDATE_PRODUCT = YES;
			};
			name = Release;
		};
		A4FB05EC19448E4C00192816 /* Debug */ = {
			isa = XCBuildConfiguration;
			buildSettings = {
				ASSETCATALOG_COMPILER_APPICON_NAME = AppIcon;
				ASSETCATALOG_COMPILER_LAUNCHIMAGE_NAME = LaunchImage;
				CODE_SIGN_IDENTITY = "iPhone Developer: Yuhua Gong (TH5SJ72C94)";
				"CODE_SIGN_IDENTITY[sdk=iphoneos*]" = "iPhone Developer: Yuhua Gong (TH5SJ72C94)";
				ENABLE_BITCODE = NO;
				FRAMEWORK_SEARCH_PATHS = (
					"$(inherited)",
					"$(PROJECT_DIR)/../libs",
				);
				GCC_ENABLE_CPP_EXCEPTIONS = NO;
				GCC_ENABLE_CPP_RTTI = NO;
				GCC_PRECOMPILE_PREFIX_HEADER = YES;
				GCC_PREFIX_HEADER = "sample/sample-Prefix.pch";
				HEADER_SEARCH_PATHS = (
					"$(inherited)",
					"$(PROJECT_DIR)/../libs/Crasheye",
				);
				INFOPLIST_FILE = "sample/sample-Info.plist";
				IPHONEOS_DEPLOYMENT_TARGET = 6.0;
				LIBRARY_SEARCH_PATHS = (
					"$(inherited)",
					"$(PROJECT_DIR)/../libs/Crasheye",
				);
				OTHER_LDFLAGS = (
					"-all_load",
					"-licucore",
					"-ObjC",
				);
				PRODUCT_BUNDLE_IDENTIFIER = io.agora.voicedemo;
				PRODUCT_NAME = "$(TARGET_NAME)";
				PROVISIONING_PROFILE = "8ae43132-7fa9-41df-a911-470a2877d880";
				WRAPPER_EXTENSION = app;
			};
			name = Debug;
		};
		A4FB05ED19448E4C00192816 /* Release */ = {
			isa = XCBuildConfiguration;
			buildSettings = {
				ASSETCATALOG_COMPILER_APPICON_NAME = AppIcon;
				ASSETCATALOG_COMPILER_LAUNCHIMAGE_NAME = LaunchImage;
				CODE_SIGN_IDENTITY = "iPhone Developer: Yuhua Gong (TH5SJ72C94)";
				"CODE_SIGN_IDENTITY[sdk=iphoneos*]" = "iPhone Developer: Yuhua Gong (TH5SJ72C94)";
				ENABLE_BITCODE = NO;
				FRAMEWORK_SEARCH_PATHS = (
					"$(inherited)",
					"$(PROJECT_DIR)/../libs",
				);
				GCC_ENABLE_CPP_EXCEPTIONS = NO;
				GCC_ENABLE_CPP_RTTI = NO;
				GCC_PRECOMPILE_PREFIX_HEADER = YES;
				GCC_PREFIX_HEADER = "sample/sample-Prefix.pch";
				HEADER_SEARCH_PATHS = (
					"$(inherited)",
					"$(PROJECT_DIR)/../libs/Crasheye",
				);
				INFOPLIST_FILE = "sample/sample-Info.plist";
				IPHONEOS_DEPLOYMENT_TARGET = 6.0;
				LIBRARY_SEARCH_PATHS = (
					"$(inherited)",
					"$(PROJECT_DIR)/../libs/Crasheye",
				);
				OTHER_LDFLAGS = (
					"-all_load",
					"-licucore",
					"-ObjC",
				);
				PRODUCT_BUNDLE_IDENTIFIER = io.agora.voicedemo;
				PRODUCT_NAME = "$(TARGET_NAME)";
				PROVISIONING_PROFILE = "8ae43132-7fa9-41df-a911-470a2877d880";
				WRAPPER_EXTENSION = app;
			};
			name = Release;
		};
/* End XCBuildConfiguration section */

/* Begin XCConfigurationList section */
		A4FB05B119448E4C00192816 /* Build configuration list for PBXProject "sample" */ = {
			isa = XCConfigurationList;
			buildConfigurations = (
				A4FB05E919448E4C00192816 /* Debug */,
				A4FB05EA19448E4C00192816 /* Release */,
			);
			defaultConfigurationIsVisible = 0;
			defaultConfigurationName = Release;
		};
		A4FB05EB19448E4C00192816 /* Build configuration list for PBXNativeTarget "sample" */ = {
			isa = XCConfigurationList;
			buildConfigurations = (
				A4FB05EC19448E4C00192816 /* Debug */,
				A4FB05ED19448E4C00192816 /* Release */,
			);
			defaultConfigurationIsVisible = 0;
			defaultConfigurationName = Release;
		};
/* End XCConfigurationList section */
	};
	rootObject = A4FB05AE19448E4C00192816 /* Project object */;
}
